# THIS IS AN AUTOGENERATED FILE. DO NOT EDIT THIS FILE DIRECTLY.
# yarn lockfile v1


prettier@^1.4.2:
  version "1.4.2"
  resolved "https://registry.yarnpkg.com/prettier/-/prettier-1.4.2.tgz#bcdd95ed1eca434ac7f98ca26ea4d25a2af6a2ac"

tslib@^1.7.1:
  version "1.7.1"
  resolved "https://registry.yarnpkg.com/tslib/-/tslib-1.7.1.tgz#bc8004164691923a79fe8378bbeb3da2017538ec"

typescript@2.3.2:
  version "2.3.2"
  resolved "https://registry.yarnpkg.com/typescript/-/typescript-2.3.2.tgz#f0f045e196f69a72f06b25fd3bd39d01c3ce9984"
