# THIS IS AN AUTOGENERATED FILE. DO NOT EDIT THIS FILE DIRECTLY.
# yarn lockfile v1


"@types/react@^15.0.23":
  version "15.0.23"
  resolved "https://registry.yarnpkg.com/@types/react/-/react-15.0.23.tgz#f3facbef5290610f54242f00308759d3a3c27346"

tslib@^1.6.0:
  version "1.6.1"
  resolved "https://registry.yarnpkg.com/tslib/-/tslib-1.6.1.tgz#b77b09abc5fa4935e157d838b80e36dad47152c4"
